
Microsoft Visual Studio Solution File, Format Version 12.00
# Visual Studio 15
VisualStudioVersion = 15.0.26730.15
MinimumVisualStudioVersion = 10.0.40219.1
Project("{FAE04EC0-301F-11D3-BF4B-00C04F79EFBC}") = "Checkers", "ConsoleApp1\Checkers.csproj", "{7D733964-434A-4100-BCD7-02BE50976423}"
EndProject
Global
	GlobalSection(SolutionConfigurationPlatforms) = preSolution
		Debug|Any CPU = Debug|Any CPU
		Release|Any CPU = Release|Any CPU
	EndGlobalSection
	GlobalSection(ProjectConfigurationPlatforms) = postSolution
		{7D733964-434A-4100-BCD7-02BE50976423}.Debug|Any CPU.ActiveCfg = Debug|Any CPU
		{7D733964-434A-4100-BCD7-02BE50976423}.Debug|Any CPU.Build.0 = Debug|Any CPU
		{7D733964-434A-4100-BCD7-02BE50976423}.Release|Any CPU.ActiveCfg = Release|Any CPU
		{7D733964-434A-4100-BCD7-02BE50976423}.Release|Any CPU.Build.0 = Release|Any CPU
	EndGlobalSection
	GlobalSection(SolutionProperties) = preSolution
		HideSolutionNode = FALSE
	EndGlobalSection
	GlobalSection(ExtensibilityGlobals) = postSolution
		SolutionGuid = {C5BAF963-A1D3-4D5A-BA52-D2AEE15EFD59}
	EndGlobalSection
EndGlobal
